
Microsoft Visual Studio Solution File, Format Version 12.00
# Visual Studio 15
VisualStudioVersion = 15.0.28307.271
MinimumVisualStudioVersion = 10.0.40219.1
Project("{FAE04EC0-301F-11D3-BF4B-00C04F79EFBC}") = "AmazingKeys", "AmazingKeys\AmazingKeys.csproj", "{2E0C32E0-3CFA-4EB4-88F6-557A0C87A8F7}"
EndProject
Global
	GlobalSection(SolutionConfigurationPlatforms) = preSolution
		Debug|Any CPU = Debug|Any CPU
		Release|Any CPU = Release|Any CPU
	EndGlobalSection
	GlobalSection(ProjectConfigurationPlatforms) = postSolution
		{2E0C32E0-3CFA-4EB4-88F6-557A0C87A8F7}.Debug|Any CPU.ActiveCfg = Debug|Any CPU
		{2E0C32E0-3CFA-4EB4-88F6-557A0C87A8F7}.Debug|Any CPU.Build.0 = Debug|Any CPU
		{2E0C32E0-3CFA-4EB4-88F6-557A0C87A8F7}.Release|Any CPU.ActiveCfg = Release|Any CPU
		{2E0C32E0-3CFA-4EB4-88F6-557A0C87A8F7}.Release|Any CPU.Build.0 = Release|Any CPU
	EndGlobalSection
	GlobalSection(SolutionProperties) = preSolution
		HideSolutionNode = FALSE
	EndGlobalSection
	GlobalSection(ExtensibilityGlobals) = postSolution
		SolutionGuid = {676F5B90-D2E9-406E-82AC-7BB9B3E1E718}
	EndGlobalSection
EndGlobal
